
Microsoft Visual Studio Solution File, Format Version 12.00
Project("{FAE04EC0-301F-11D3-BF4B-00C04F79EFBC}") = "MotherboardDiagnostics", "MotherboardDiagnostics.csproj", "{1256C162-E1ED-4EEE-BB21-101EA55F5528}"
EndProject
Global
	GlobalSection(SolutionConfigurationPlatforms) = preSolution
		Debug|Any CPU = Debug|Any CPU
		Release|Any CPU = Release|Any CPU
	EndGlobalSection
	GlobalSection(ProjectConfigurationPlatforms) = postSolution
		{1256C162-E1ED-4EEE-BB21-101EA55F5528}.Debug|Any CPU.ActiveCfg = Debug|Any CPU
		{1256C162-E1ED-4EEE-BB21-101EA55F5528}.Debug|Any CPU.Build.0 = Debug|Any CPU
		{1256C162-E1ED-4EEE-BB21-101EA55F5528}.Release|Any CPU.ActiveCfg = Release|Any CPU
		{1256C162-E1ED-4EEE-BB21-101EA55F5528}.Release|Any CPU.Build.0 = Release|Any CPU
	EndGlobalSection
EndGlobal
